
Microsoft Visual Studio Solution File, Format Version 10.00
# Visual C# Express 2008
Project("{FAE04EC0-301F-11D3-BF4B-00C04F79EFBC}") = "VGMToolbox", "VGMToolbox\VGMToolbox.csproj", "{8A96D568-CB21-4E64-8FD2-849A8E2B2D4F}"
EndProject
Project("{FAE04EC0-301F-11D3-BF4B-00C04F79EFBC}") = "format", "format\format.csproj", "{3951D6E5-61BE-4D7C-A464-F44D98E9CE83}"
EndProject
Project("{FAE04EC0-301F-11D3-BF4B-00C04F79EFBC}") = "vgmtutil", "vgmtutil\vgmtutil.csproj", "{3CE76EEC-D3BC-4AB4-8C54-D2EAFFDADA47}"
EndProject
Project("{FAE04EC0-301F-11D3-BF4B-00C04F79EFBC}") = "2sftimer", "2sftimer\2sftimer.csproj", "{ED6BEDC1-924C-4DD6-8C31-0E705BF0E0A2}"
EndProject
Project("{FAE04EC0-301F-11D3-BF4B-00C04F79EFBC}") = "sdatext", "sdatext\sdatext.csproj", "{32BAA74C-D53A-4911-8A75-4590A95B0EB4}"
EndProject
Project("{FAE04EC0-301F-11D3-BF4B-00C04F79EFBC}") = "mkpsf2fe", "mkpsf2fe\mkpsf2fe.csproj", "{FEAFC2CA-303D-4A42-9F95-DA82FD7622BC}"
EndProject
Project("{FAE04EC0-301F-11D3-BF4B-00C04F79EFBC}") = "dbutil", "dbutil\dbutil.csproj", "{6ECB41D4-6EC9-44D3-B3E9-D8478968116E}"
EndProject
Project("{FAE04EC0-301F-11D3-BF4B-00C04F79EFBC}") = "sdatopt", "sdatopt\sdatopt.csproj", "{396F6881-244B-4C06-8D44-11D17CFBF06B}"
EndProject
Project("{FAE04EC0-301F-11D3-BF4B-00C04F79EFBC}") = "sdatfind", "sdatfind\sdatfind.csproj", "{A04E3A96-42E5-4A3D-8BF6-13D8D667EB22}"
EndProject
Project("{FAE04EC0-301F-11D3-BF4B-00C04F79EFBC}") = "vgmtplugin", "vgmtplugin\vgmtplugin.csproj", "{EE513748-B90B-4F70-8281-A91110BC06BD}"
EndProject
Project("{FAE04EC0-301F-11D3-BF4B-00C04F79EFBC}") = "xsfrecmp", "xsfrecmp\xsfrecmp.csproj", "{97FA0CED-25AA-41D1-9DD8-1C41DBCCA04C}"
EndProject
Project("{FAE04EC0-301F-11D3-BF4B-00C04F79EFBC}") = "snakebite", "snakebite\snakebite.csproj", "{D8809B3A-4212-4F0B-B920-86813298DDA7}"
EndProject
Project("{FAE04EC0-301F-11D3-BF4B-00C04F79EFBC}") = "zlibext", "zlibext\zlibext.csproj", "{C9FC9E30-8D58-47A3-9E21-6280DD3FE461}"
EndProject
Project("{FAE04EC0-301F-11D3-BF4B-00C04F79EFBC}") = "gzipext", "gzipext\gzipext.csproj", "{D8873CA5-B29D-4E31-AE02-0E23DA96B4B4}"
EndProject
Global
	GlobalSection(SolutionConfigurationPlatforms) = preSolution
		Debug|Any CPU = Debug|Any CPU
		Debug|x86 = Debug|x86
		Release|Any CPU = Release|Any CPU
		Release|x86 = Release|x86
	EndGlobalSection
	GlobalSection(ProjectConfigurationPlatforms) = postSolution
		{8A96D568-CB21-4E64-8FD2-849A8E2B2D4F}.Debug|Any CPU.ActiveCfg = Debug|Any CPU
		{8A96D568-CB21-4E64-8FD2-849A8E2B2D4F}.Debug|Any CPU.Build.0 = Debug|Any CPU
		{8A96D568-CB21-4E64-8FD2-849A8E2B2D4F}.Debug|x86.ActiveCfg = Debug|x86
		{8A96D568-CB21-4E64-8FD2-849A8E2B2D4F}.Debug|x86.Build.0 = Debug|x86
		{8A96D568-CB21-4E64-8FD2-849A8E2B2D4F}.Release|Any CPU.ActiveCfg = Release|Any CPU
		{8A96D568-CB21-4E64-8FD2-849A8E2B2D4F}.Release|Any CPU.Build.0 = Release|Any CPU
		{8A96D568-CB21-4E64-8FD2-849A8E2B2D4F}.Release|x86.ActiveCfg = Release|x86
		{8A96D568-CB21-4E64-8FD2-849A8E2B2D4F}.Release|x86.Build.0 = Release|x86
		{3951D6E5-61BE-4D7C-A464-F44D98E9CE83}.Debug|Any CPU.ActiveCfg = Debug|Any CPU
		{3951D6E5-61BE-4D7C-A464-F44D98E9CE83}.Debug|Any CPU.Build.0 = Debug|Any CPU
		{3951D6E5-61BE-4D7C-A464-F44D98E9CE83}.Debug|x86.ActiveCfg = Debug|x86
		{3951D6E5-61BE-4D7C-A464-F44D98E9CE83}.Debug|x86.Build.0 = Debug|x86
		{3951D6E5-61BE-4D7C-A464-F44D98E9CE83}.Release|Any CPU.ActiveCfg = Release|Any CPU
		{3951D6E5-61BE-4D7C-A464-F44D98E9CE83}.Release|Any CPU.Build.0 = Release|Any CPU
		{3951D6E5-61BE-4D7C-A464-F44D98E9CE83}.Release|x86.ActiveCfg = Release|x86
		{3951D6E5-61BE-4D7C-A464-F44D98E9CE83}.Release|x86.Build.0 = Release|x86
		{3CE76EEC-D3BC-4AB4-8C54-D2EAFFDADA47}.Debug|Any CPU.ActiveCfg = Debug|Any CPU
		{3CE76EEC-D3BC-4AB4-8C54-D2EAFFDADA47}.Debug|Any CPU.Build.0 = Debug|Any CPU
		{3CE76EEC-D3BC-4AB4-8C54-D2EAFFDADA47}.Debug|x86.ActiveCfg = Debug|x86
		{3CE76EEC-D3BC-4AB4-8C54-D2EAFFDADA47}.Debug|x86.Build.0 = Debug|x86
		{3CE76EEC-D3BC-4AB4-8C54-D2EAFFDADA47}.Release|Any CPU.ActiveCfg = Release|Any CPU
		{3CE76EEC-D3BC-4AB4-8C54-D2EAFFDADA47}.Release|Any CPU.Build.0 = Release|Any CPU
		{3CE76EEC-D3BC-4AB4-8C54-D2EAFFDADA47}.Release|x86.ActiveCfg = Release|x86
		{3CE76EEC-D3BC-4AB4-8C54-D2EAFFDADA47}.Release|x86.Build.0 = Release|x86
		{ED6BEDC1-924C-4DD6-8C31-0E705BF0E0A2}.Debug|Any CPU.ActiveCfg = Debug|Any CPU
		{ED6BEDC1-924C-4DD6-8C31-0E705BF0E0A2}.Debug|Any CPU.Build.0 = Debug|Any CPU
		{ED6BEDC1-924C-4DD6-8C31-0E705BF0E0A2}.Debug|x86.ActiveCfg = Debug|x86
		{ED6BEDC1-924C-4DD6-8C31-0E705BF0E0A2}.Debug|x86.Build.0 = Debug|x86
		{ED6BEDC1-924C-4DD6-8C31-0E705BF0E0A2}.Release|Any CPU.ActiveCfg = Release|Any CPU
		{ED6BEDC1-924C-4DD6-8C31-0E705BF0E0A2}.Release|Any CPU.Build.0 = Release|Any CPU
		{ED6BEDC1-924C-4DD6-8C31-0E705BF0E0A2}.Release|x86.ActiveCfg = Release|x86
		{ED6BEDC1-924C-4DD6-8C31-0E705BF0E0A2}.Release|x86.Build.0 = Release|x86
		{32BAA74C-D53A-4911-8A75-4590A95B0EB4}.Debug|Any CPU.ActiveCfg = Debug|Any CPU
		{32BAA74C-D53A-4911-8A75-4590A95B0EB4}.Debug|Any CPU.Build.0 = Debug|Any CPU
		{32BAA74C-D53A-4911-8A75-4590A95B0EB4}.Debug|x86.ActiveCfg = Debug|x86
		{32BAA74C-D53A-4911-8A75-4590A95B0EB4}.Debug|x86.Build.0 = Debug|x86
		{32BAA74C-D53A-4911-8A75-4590A95B0EB4}.Release|Any CPU.ActiveCfg = Release|Any CPU
		{32BAA74C-D53A-4911-8A75-4590A95B0EB4}.Release|Any CPU.Build.0 = Release|Any CPU
		{32BAA74C-D53A-4911-8A75-4590A95B0EB4}.Release|x86.ActiveCfg = Release|x86
		{32BAA74C-D53A-4911-8A75-4590A95B0EB4}.Release|x86.Build.0 = Release|x86
		{FEAFC2CA-303D-4A42-9F95-DA82FD7622BC}.Debug|Any CPU.ActiveCfg = Debug|Any CPU
		{FEAFC2CA-303D-4A42-9F95-DA82FD7622BC}.Debug|Any CPU.Build.0 = Debug|Any CPU
		{FEAFC2CA-303D-4A42-9F95-DA82FD7622BC}.Debug|x86.ActiveCfg = Debug|x86
		{FEAFC2CA-303D-4A42-9F95-DA82FD7622BC}.Debug|x86.Build.0 = Debug|x86
		{FEAFC2CA-303D-4A42-9F95-DA82FD7622BC}.Release|Any CPU.ActiveCfg = Release|Any CPU
		{FEAFC2CA-303D-4A42-9F95-DA82FD7622BC}.Release|Any CPU.Build.0 = Release|Any CPU
		{FEAFC2CA-303D-4A42-9F95-DA82FD7622BC}.Release|x86.ActiveCfg = Release|x86
		{FEAFC2CA-303D-4A42-9F95-DA82FD7622BC}.Release|x86.Build.0 = Release|x86
		{6ECB41D4-6EC9-44D3-B3E9-D8478968116E}.Debug|Any CPU.ActiveCfg = Debug|Any CPU
		{6ECB41D4-6EC9-44D3-B3E9-D8478968116E}.Debug|Any CPU.Build.0 = Debug|Any CPU
		{6ECB41D4-6EC9-44D3-B3E9-D8478968116E}.Debug|x86.ActiveCfg = Debug|x86
		{6ECB41D4-6EC9-44D3-B3E9-D8478968116E}.Debug|x86.Build.0 = Debug|x86
		{6ECB41D4-6EC9-44D3-B3E9-D8478968116E}.Release|Any CPU.ActiveCfg = Release|Any CPU
		{6ECB41D4-6EC9-44D3-B3E9-D8478968116E}.Release|Any CPU.Build.0 = Release|Any CPU
		{6ECB41D4-6EC9-44D3-B3E9-D8478968116E}.Release|x86.ActiveCfg = Release|x86
		{6ECB41D4-6EC9-44D3-B3E9-D8478968116E}.Release|x86.Build.0 = Release|x86
		{396F6881-244B-4C06-8D44-11D17CFBF06B}.Debug|Any CPU.ActiveCfg = Debug|Any CPU
		{396F6881-244B-4C06-8D44-11D17CFBF06B}.Debug|Any CPU.Build.0 = Debug|Any CPU
		{396F6881-244B-4C06-8D44-11D17CFBF06B}.Debug|x86.ActiveCfg = Debug|x86
		{396F6881-244B-4C06-8D44-11D17CFBF06B}.Debug|x86.Build.0 = Debug|x86
		{396F6881-244B-4C06-8D44-11D17CFBF06B}.Release|Any CPU.ActiveCfg = Release|Any CPU
		{396F6881-244B-4C06-8D44-11D17CFBF06B}.Release|Any CPU.Build.0 = Release|Any CPU
		{396F6881-244B-4C06-8D44-11D17CFBF06B}.Release|x86.ActiveCfg = Release|x86
		{396F6881-244B-4C06-8D44-11D17CFBF06B}.Release|x86.Build.0 = Release|x86
		{A04E3A96-42E5-4A3D-8BF6-13D8D667EB22}.Debug|Any CPU.ActiveCfg = Debug|Any CPU
		{A04E3A96-42E5-4A3D-8BF6-13D8D667EB22}.Debug|Any CPU.Build.0 = Debug|Any CPU
		{A04E3A96-42E5-4A3D-8BF6-13D8D667EB22}.Debug|x86.ActiveCfg = Debug|x86
		{A04E3A96-42E5-4A3D-8BF6-13D8D667EB22}.Debug|x86.Build.0 = Debug|x86
		{A04E3A96-42E5-4A3D-8BF6-13D8D667EB22}.Release|Any CPU.ActiveCfg = Release|Any CPU
		{A04E3A96-42E5-4A3D-8BF6-13D8D667EB22}.Release|Any CPU.Build.0 = Release|Any CPU
		{A04E3A96-42E5-4A3D-8BF6-13D8D667EB22}.Release|x86.ActiveCfg = Release|x86
		{A04E3A96-42E5-4A3D-8BF6-13D8D667EB22}.Release|x86.Build.0 = Release|x86
		{EE513748-B90B-4F70-8281-A91110BC06BD}.Debug|Any CPU.ActiveCfg = Debug|Any CPU
		{EE513748-B90B-4F70-8281-A91110BC06BD}.Debug|Any CPU.Build.0 = Debug|Any CPU
		{EE513748-B90B-4F70-8281-A91110BC06BD}.Debug|x86.ActiveCfg = Debug|x86
		{EE513748-B90B-4F70-8281-A91110BC06BD}.Debug|x86.Build.0 = Debug|x86
		{EE513748-B90B-4F70-8281-A91110BC06BD}.Release|Any CPU.ActiveCfg = Release|Any CPU
		{EE513748-B90B-4F70-8281-A91110BC06BD}.Release|Any CPU.Build.0 = Release|Any CPU
		{EE513748-B90B-4F70-8281-A91110BC06BD}.Release|x86.ActiveCfg = Release|x86
		{EE513748-B90B-4F70-8281-A91110BC06BD}.Release|x86.Build.0 = Release|x86
		{97FA0CED-25AA-41D1-9DD8-1C41DBCCA04C}.Debug|Any CPU.ActiveCfg = Debug|Any CPU
		{97FA0CED-25AA-41D1-9DD8-1C41DBCCA04C}.Debug|Any CPU.Build.0 = Debug|Any CPU
		{97FA0CED-25AA-41D1-9DD8-1C41DBCCA04C}.Debug|x86.ActiveCfg = Debug|x86
		{97FA0CED-25AA-41D1-9DD8-1C41DBCCA04C}.Debug|x86.Build.0 = Debug|x86
		{97FA0CED-25AA-41D1-9DD8-1C41DBCCA04C}.Release|Any CPU.ActiveCfg = Release|Any CPU
		{97FA0CED-25AA-41D1-9DD8-1C41DBCCA04C}.Release|Any CPU.Build.0 = Release|Any CPU
		{97FA0CED-25AA-41D1-9DD8-1C41DBCCA04C}.Release|x86.ActiveCfg = Release|x86
		{97FA0CED-25AA-41D1-9DD8-1C41DBCCA04C}.Release|x86.Build.0 = Release|x86
		{D8809B3A-4212-4F0B-B920-86813298DDA7}.Debug|Any CPU.ActiveCfg = Debug|Any CPU
		{D8809B3A-4212-4F0B-B920-86813298DDA7}.Debug|Any CPU.Build.0 = Debug|Any CPU
		{D8809B3A-4212-4F0B-B920-86813298DDA7}.Debug|x86.ActiveCfg = Debug|x86
		{D8809B3A-4212-4F0B-B920-86813298DDA7}.Debug|x86.Build.0 = Debug|x86
		{D8809B3A-4212-4F0B-B920-86813298DDA7}.Release|Any CPU.ActiveCfg = Release|Any CPU
		{D8809B3A-4212-4F0B-B920-86813298DDA7}.Release|Any CPU.Build.0 = Release|Any CPU
		{D8809B3A-4212-4F0B-B920-86813298DDA7}.Release|x86.ActiveCfg = Release|x86
		{D8809B3A-4212-4F0B-B920-86813298DDA7}.Release|x86.Build.0 = Release|x86
		{C9FC9E30-8D58-47A3-9E21-6280DD3FE461}.Debug|Any CPU.ActiveCfg = Debug|Any CPU
		{C9FC9E30-8D58-47A3-9E21-6280DD3FE461}.Debug|Any CPU.Build.0 = Debug|Any CPU
		{C9FC9E30-8D58-47A3-9E21-6280DD3FE461}.Debug|x86.ActiveCfg = Debug|x86
		{C9FC9E30-8D58-47A3-9E21-6280DD3FE461}.Debug|x86.Build.0 = Debug|x86
		{C9FC9E30-8D58-47A3-9E21-6280DD3FE461}.Release|Any CPU.ActiveCfg = Release|Any CPU
		{C9FC9E30-8D58-47A3-9E21-6280DD3FE461}.Release|Any CPU.Build.0 = Release|Any CPU
		{C9FC9E30-8D58-47A3-9E21-6280DD3FE461}.Release|x86.ActiveCfg = Release|x86
		{C9FC9E30-8D58-47A3-9E21-6280DD3FE461}.Release|x86.Build.0 = Release|x86
		{D8873CA5-B29D-4E31-AE02-0E23DA96B4B4}.Debug|Any CPU.ActiveCfg = Debug|Any CPU
		{D8873CA5-B29D-4E31-AE02-0E23DA96B4B4}.Debug|Any CPU.Build.0 = Debug|Any CPU
		{D8873CA5-B29D-4E31-AE02-0E23DA96B4B4}.Debug|x86.ActiveCfg = Debug|x86
		{D8873CA5-B29D-4E31-AE02-0E23DA96B4B4}.Debug|x86.Build.0 = Debug|x86
		{D8873CA5-B29D-4E31-AE02-0E23DA96B4B4}.Release|Any CPU.ActiveCfg = Release|Any CPU
		{D8873CA5-B29D-4E31-AE02-0E23DA96B4B4}.Release|Any CPU.Build.0 = Release|Any CPU
		{D8873CA5-B29D-4E31-AE02-0E23DA96B4B4}.Release|x86.ActiveCfg = Release|x86
		{D8873CA5-B29D-4E31-AE02-0E23DA96B4B4}.Release|x86.Build.0 = Release|x86
	EndGlobalSection
	GlobalSection(SolutionProperties) = preSolution
		HideSolutionNode = FALSE
	EndGlobalSection
EndGlobal
